
Microsoft Visual Studio Solution File, Format Version 12.00
# Visual Studio Version 17
VisualStudioVersion = 17.1.32210.238
MinimumVisualStudioVersion = 10.0.40219.1
Project("{FAE04EC0-301F-11D3-BF4B-00C04F79EFBC}") = "CIPlatform", "CIPlatform.csproj", "{9E1AF4D1-3223-4DF8-AF2F-7BFB5F168DA2}"
EndProject
Global
	GlobalSection(SolutionConfigurationPlatforms) = preSolution
		Debug|Any CPU = Debug|Any CPU
		Release|Any CPU = Release|Any CPU
	EndGlobalSection
	GlobalSection(ProjectConfigurationPlatforms) = postSolution
		{9E1AF4D1-3223-4DF8-AF2F-7BFB5F168DA2}.Debug|Any CPU.ActiveCfg = Debug|Any CPU
		{9E1AF4D1-3223-4DF8-AF2F-7BFB5F168DA2}.Debug|Any CPU.Build.0 = Debug|Any CPU
		{9E1AF4D1-3223-4DF8-AF2F-7BFB5F168DA2}.Release|Any CPU.ActiveCfg = Release|Any CPU
		{9E1AF4D1-3223-4DF8-AF2F-7BFB5F168DA2}.Release|Any CPU.Build.0 = Release|Any CPU
	EndGlobalSection
	GlobalSection(SolutionProperties) = preSolution
		HideSolutionNode = FALSE
	EndGlobalSection
	GlobalSection(ExtensibilityGlobals) = postSolution
		SolutionGuid = {9AF9256A-D94B-4ACB-832F-3540802635D8}
	EndGlobalSection
EndGlobal
